
Microsoft Visual Studio Solution File, Format Version 12.00
# Visual Studio Version 17
VisualStudioVersion = 17.5.002.0
MinimumVisualStudioVersion = 10.0.40219.1
Project("{9A19103F-16F7-4668-BE54-9A1E7A4F7556}") = "DesafioFundamentos", "DesafioFundamentos.csproj", "{14ED0112-5F71-4D35-A09C-629E9025671D}"
EndProject
Global
	GlobalSection(SolutionConfigurationPlatforms) = preSolution
		Debug|Any CPU = Debug|Any CPU
		Release|Any CPU = Release|Any CPU
	EndGlobalSection
	GlobalSection(ProjectConfigurationPlatforms) = postSolution
		{14ED0112-5F71-4D35-A09C-629E9025671D}.Debug|Any CPU.ActiveCfg = Debug|Any CPU
		{14ED0112-5F71-4D35-A09C-629E9025671D}.Debug|Any CPU.Build.0 = Debug|Any CPU
		{14ED0112-5F71-4D35-A09C-629E9025671D}.Release|Any CPU.ActiveCfg = Release|Any CPU
		{14ED0112-5F71-4D35-A09C-629E9025671D}.Release|Any CPU.Build.0 = Release|Any CPU
	EndGlobalSection
	GlobalSection(SolutionProperties) = preSolution
		HideSolutionNode = FALSE
	EndGlobalSection
	GlobalSection(ExtensibilityGlobals) = postSolution
		SolutionGuid = {BBE52728-0D4A-4652-A850-FF35B74BC5FF}
	EndGlobalSection
EndGlobal
